
Microsoft Visual Studio Solution File, Format Version 12.00
# Visual Studio 15
VisualStudioVersion = 15.0.26124.0
MinimumVisualStudioVersion = 15.0.26124.0
Project("{2150E333-8FDC-42A3-9474-1A3956D46DE8}") = "src", "src", "{32D3B36F-C147-4138-946B-5705419F08BE}"
EndProject
Project("{FAE04EC0-301F-11D3-BF4B-00C04F79EFBC}") = "TryAspNetCore.Api", "src\TryAspNetCore.Api\TryAspNetCore.Api.csproj", "{25922B81-2333-440A-A8B4-B07F5B4C8517}"
EndProject
Project("{FAE04EC0-301F-11D3-BF4B-00C04F79EFBC}") = "TryAspNetCore.Core", "src\TryAspNetCore.Core\TryAspNetCore.Core.csproj", "{0AC8D394-D9DA-4C18-AD98-DDF7DA05573C}"
EndProject
Project("{FAE04EC0-301F-11D3-BF4B-00C04F79EFBC}") = "TryAspNetCore.EntityFrameworkCore", "src\TryAspNetCore.EntityFrameworkCore\TryAspNetCore.EntityFrameworkCore.csproj", "{0186C444-9A0F-40BE-A964-7941FD4BB493}"
EndProject
Project("{FAE04EC0-301F-11D3-BF4B-00C04F79EFBC}") = "TryAspNetCore.EventManagement", "src\TryAspNetCore.EventManagement\TryAspNetCore.EventManagement.csproj", "{BA2D0460-94A4-4AC8-8522-9DF89B7D2441}"
EndProject
Project("{FAE04EC0-301F-11D3-BF4B-00C04F79EFBC}") = "TryAspNetCore.IdentityManagement", "src\TryAspNetCore.IdentityManagement\TryAspNetCore.IdentityManagement.csproj", "{AF59FA39-FBED-4FE9-A264-4727442F189D}"
EndProject
Project("{FAE04EC0-301F-11D3-BF4B-00C04F79EFBC}") = "TryAspNetCore.Core.Web", "src\TryAspNetCore.Core.Web\TryAspNetCore.Core.Web.csproj", "{7415DCC0-C6FD-4DAE-8088-97B44207269D}"
EndProject
Project("{2150E333-8FDC-42A3-9474-1A3956D46DE8}") = "test", "test", "{70948BE0-47B9-4E39-9C29-1263CFBFB5C9}"
EndProject
Project("{FAE04EC0-301F-11D3-BF4B-00C04F79EFBC}") = "TryAspNetCore.Api.Tests", "test\TryAspNetCore.Api.Tests\TryAspNetCore.Api.Tests.csproj", "{C11B55B5-4861-4021-86A2-CE63098C564B}"
EndProject
Project("{FAE04EC0-301F-11D3-BF4B-00C04F79EFBC}") = "TryAspNetCore.Core.Tests", "test\TryAspNetCore.Core.Tests\TryAspNetCore.Core.Tests.csproj", "{85DEE01F-A8FC-448D-A085-C9A2072B28DA}"
EndProject
Project("{FAE04EC0-301F-11D3-BF4B-00C04F79EFBC}") = "TryAspNetCore.Core.Web.Tests", "test\TryAspNetCore.Core.Web.Tests\TryAspNetCore.Core.Web.Tests.csproj", "{F008AAAA-EA51-4699-AC1F-732F9BBBB82C}"
EndProject
Project("{FAE04EC0-301F-11D3-BF4B-00C04F79EFBC}") = "TryAspNetCore.EntityFrameworkCore.Tests", "test\TryAspNetCore.EntityFrameworkCore.Tests\TryAspNetCore.EntityFrameworkCore.Tests.csproj", "{7219A163-08D2-48A6-85E0-7B215FF626C2}"
EndProject
Project("{FAE04EC0-301F-11D3-BF4B-00C04F79EFBC}") = "TryAspNetCore.EventManagement.Tests", "test\TryAspNetCore.EventManagement.Tests\TryAspNetCore.EventManagement.Tests.csproj", "{C738FE44-A1A9-4F80-AD2F-D9FAFC843E50}"
EndProject
Project("{FAE04EC0-301F-11D3-BF4B-00C04F79EFBC}") = "TryAspNetCore.Test.Core", "test\TryAspNetCore.Test.Core\TryAspNetCore.Test.Core.csproj", "{75DD8EFD-84A8-47F0-BDE1-ADBFB9607E0A}"
EndProject
Global
	GlobalSection(SolutionConfigurationPlatforms) = preSolution
		Debug|Any CPU = Debug|Any CPU
		Debug|x64 = Debug|x64
		Debug|x86 = Debug|x86
		Release|Any CPU = Release|Any CPU
		Release|x64 = Release|x64
		Release|x86 = Release|x86
	EndGlobalSection
	GlobalSection(SolutionProperties) = preSolution
		HideSolutionNode = FALSE
	EndGlobalSection
	GlobalSection(ProjectConfigurationPlatforms) = postSolution
		{25922B81-2333-440A-A8B4-B07F5B4C8517}.Debug|Any CPU.ActiveCfg = Debug|Any CPU
		{25922B81-2333-440A-A8B4-B07F5B4C8517}.Debug|Any CPU.Build.0 = Debug|Any CPU
		{25922B81-2333-440A-A8B4-B07F5B4C8517}.Debug|x64.ActiveCfg = Debug|Any CPU
		{25922B81-2333-440A-A8B4-B07F5B4C8517}.Debug|x64.Build.0 = Debug|Any CPU
		{25922B81-2333-440A-A8B4-B07F5B4C8517}.Debug|x86.ActiveCfg = Debug|Any CPU
		{25922B81-2333-440A-A8B4-B07F5B4C8517}.Debug|x86.Build.0 = Debug|Any CPU
		{25922B81-2333-440A-A8B4-B07F5B4C8517}.Release|Any CPU.ActiveCfg = Release|Any CPU
		{25922B81-2333-440A-A8B4-B07F5B4C8517}.Release|Any CPU.Build.0 = Release|Any CPU
		{25922B81-2333-440A-A8B4-B07F5B4C8517}.Release|x64.ActiveCfg = Release|Any CPU
		{25922B81-2333-440A-A8B4-B07F5B4C8517}.Release|x64.Build.0 = Release|Any CPU
		{25922B81-2333-440A-A8B4-B07F5B4C8517}.Release|x86.ActiveCfg = Release|Any CPU
		{25922B81-2333-440A-A8B4-B07F5B4C8517}.Release|x86.Build.0 = Release|Any CPU
		{0AC8D394-D9DA-4C18-AD98-DDF7DA05573C}.Debug|Any CPU.ActiveCfg = Debug|Any CPU
		{0AC8D394-D9DA-4C18-AD98-DDF7DA05573C}.Debug|Any CPU.Build.0 = Debug|Any CPU
		{0AC8D394-D9DA-4C18-AD98-DDF7DA05573C}.Debug|x64.ActiveCfg = Debug|Any CPU
		{0AC8D394-D9DA-4C18-AD98-DDF7DA05573C}.Debug|x64.Build.0 = Debug|Any CPU
		{0AC8D394-D9DA-4C18-AD98-DDF7DA05573C}.Debug|x86.ActiveCfg = Debug|Any CPU
		{0AC8D394-D9DA-4C18-AD98-DDF7DA05573C}.Debug|x86.Build.0 = Debug|Any CPU
		{0AC8D394-D9DA-4C18-AD98-DDF7DA05573C}.Release|Any CPU.ActiveCfg = Release|Any CPU
		{0AC8D394-D9DA-4C18-AD98-DDF7DA05573C}.Release|Any CPU.Build.0 = Release|Any CPU
		{0AC8D394-D9DA-4C18-AD98-DDF7DA05573C}.Release|x64.ActiveCfg = Release|Any CPU
		{0AC8D394-D9DA-4C18-AD98-DDF7DA05573C}.Release|x64.Build.0 = Release|Any CPU
		{0AC8D394-D9DA-4C18-AD98-DDF7DA05573C}.Release|x86.ActiveCfg = Release|Any CPU
		{0AC8D394-D9DA-4C18-AD98-DDF7DA05573C}.Release|x86.Build.0 = Release|Any CPU
		{0186C444-9A0F-40BE-A964-7941FD4BB493}.Debug|Any CPU.ActiveCfg = Debug|Any CPU
		{0186C444-9A0F-40BE-A964-7941FD4BB493}.Debug|Any CPU.Build.0 = Debug|Any CPU
		{0186C444-9A0F-40BE-A964-7941FD4BB493}.Debug|x64.ActiveCfg = Debug|Any CPU
		{0186C444-9A0F-40BE-A964-7941FD4BB493}.Debug|x64.Build.0 = Debug|Any CPU
		{0186C444-9A0F-40BE-A964-7941FD4BB493}.Debug|x86.ActiveCfg = Debug|Any CPU
		{0186C444-9A0F-40BE-A964-7941FD4BB493}.Debug|x86.Build.0 = Debug|Any CPU
		{0186C444-9A0F-40BE-A964-7941FD4BB493}.Release|Any CPU.ActiveCfg = Release|Any CPU
		{0186C444-9A0F-40BE-A964-7941FD4BB493}.Release|Any CPU.Build.0 = Release|Any CPU
		{0186C444-9A0F-40BE-A964-7941FD4BB493}.Release|x64.ActiveCfg = Release|Any CPU
		{0186C444-9A0F-40BE-A964-7941FD4BB493}.Release|x64.Build.0 = Release|Any CPU
		{0186C444-9A0F-40BE-A964-7941FD4BB493}.Release|x86.ActiveCfg = Release|Any CPU
		{0186C444-9A0F-40BE-A964-7941FD4BB493}.Release|x86.Build.0 = Release|Any CPU
		{BA2D0460-94A4-4AC8-8522-9DF89B7D2441}.Debug|Any CPU.ActiveCfg = Debug|Any CPU
		{BA2D0460-94A4-4AC8-8522-9DF89B7D2441}.Debug|Any CPU.Build.0 = Debug|Any CPU
		{BA2D0460-94A4-4AC8-8522-9DF89B7D2441}.Debug|x64.ActiveCfg = Debug|Any CPU
		{BA2D0460-94A4-4AC8-8522-9DF89B7D2441}.Debug|x64.Build.0 = Debug|Any CPU
		{BA2D0460-94A4-4AC8-8522-9DF89B7D2441}.Debug|x86.ActiveCfg = Debug|Any CPU
		{BA2D0460-94A4-4AC8-8522-9DF89B7D2441}.Debug|x86.Build.0 = Debug|Any CPU
		{BA2D0460-94A4-4AC8-8522-9DF89B7D2441}.Release|Any CPU.ActiveCfg = Release|Any CPU
		{BA2D0460-94A4-4AC8-8522-9DF89B7D2441}.Release|Any CPU.Build.0 = Release|Any CPU
		{BA2D0460-94A4-4AC8-8522-9DF89B7D2441}.Release|x64.ActiveCfg = Release|Any CPU
		{BA2D0460-94A4-4AC8-8522-9DF89B7D2441}.Release|x64.Build.0 = Release|Any CPU
		{BA2D0460-94A4-4AC8-8522-9DF89B7D2441}.Release|x86.ActiveCfg = Release|Any CPU
		{BA2D0460-94A4-4AC8-8522-9DF89B7D2441}.Release|x86.Build.0 = Release|Any CPU
		{AF59FA39-FBED-4FE9-A264-4727442F189D}.Debug|Any CPU.ActiveCfg = Debug|Any CPU
		{AF59FA39-FBED-4FE9-A264-4727442F189D}.Debug|Any CPU.Build.0 = Debug|Any CPU
		{AF59FA39-FBED-4FE9-A264-4727442F189D}.Debug|x64.ActiveCfg = Debug|Any CPU
		{AF59FA39-FBED-4FE9-A264-4727442F189D}.Debug|x64.Build.0 = Debug|Any CPU
		{AF59FA39-FBED-4FE9-A264-4727442F189D}.Debug|x86.ActiveCfg = Debug|Any CPU
		{AF59FA39-FBED-4FE9-A264-4727442F189D}.Debug|x86.Build.0 = Debug|Any CPU
		{AF59FA39-FBED-4FE9-A264-4727442F189D}.Release|Any CPU.ActiveCfg = Release|Any CPU
		{AF59FA39-FBED-4FE9-A264-4727442F189D}.Release|Any CPU.Build.0 = Release|Any CPU
		{AF59FA39-FBED-4FE9-A264-4727442F189D}.Release|x64.ActiveCfg = Release|Any CPU
		{AF59FA39-FBED-4FE9-A264-4727442F189D}.Release|x64.Build.0 = Release|Any CPU
		{AF59FA39-FBED-4FE9-A264-4727442F189D}.Release|x86.ActiveCfg = Release|Any CPU
		{AF59FA39-FBED-4FE9-A264-4727442F189D}.Release|x86.Build.0 = Release|Any CPU
		{7415DCC0-C6FD-4DAE-8088-97B44207269D}.Debug|Any CPU.ActiveCfg = Debug|Any CPU
		{7415DCC0-C6FD-4DAE-8088-97B44207269D}.Debug|Any CPU.Build.0 = Debug|Any CPU
		{7415DCC0-C6FD-4DAE-8088-97B44207269D}.Debug|x64.ActiveCfg = Debug|Any CPU
		{7415DCC0-C6FD-4DAE-8088-97B44207269D}.Debug|x64.Build.0 = Debug|Any CPU
		{7415DCC0-C6FD-4DAE-8088-97B44207269D}.Debug|x86.ActiveCfg = Debug|Any CPU
		{7415DCC0-C6FD-4DAE-8088-97B44207269D}.Debug|x86.Build.0 = Debug|Any CPU
		{7415DCC0-C6FD-4DAE-8088-97B44207269D}.Release|Any CPU.ActiveCfg = Release|Any CPU
		{7415DCC0-C6FD-4DAE-8088-97B44207269D}.Release|Any CPU.Build.0 = Release|Any CPU
		{7415DCC0-C6FD-4DAE-8088-97B44207269D}.Release|x64.ActiveCfg = Release|Any CPU
		{7415DCC0-C6FD-4DAE-8088-97B44207269D}.Release|x64.Build.0 = Release|Any CPU
		{7415DCC0-C6FD-4DAE-8088-97B44207269D}.Release|x86.ActiveCfg = Release|Any CPU
		{7415DCC0-C6FD-4DAE-8088-97B44207269D}.Release|x86.Build.0 = Release|Any CPU
		{C11B55B5-4861-4021-86A2-CE63098C564B}.Debug|Any CPU.ActiveCfg = Debug|Any CPU
		{C11B55B5-4861-4021-86A2-CE63098C564B}.Debug|Any CPU.Build.0 = Debug|Any CPU
		{C11B55B5-4861-4021-86A2-CE63098C564B}.Debug|x64.ActiveCfg = Debug|Any CPU
		{C11B55B5-4861-4021-86A2-CE63098C564B}.Debug|x64.Build.0 = Debug|Any CPU
		{C11B55B5-4861-4021-86A2-CE63098C564B}.Debug|x86.ActiveCfg = Debug|Any CPU
		{C11B55B5-4861-4021-86A2-CE63098C564B}.Debug|x86.Build.0 = Debug|Any CPU
		{C11B55B5-4861-4021-86A2-CE63098C564B}.Release|Any CPU.ActiveCfg = Release|Any CPU
		{C11B55B5-4861-4021-86A2-CE63098C564B}.Release|Any CPU.Build.0 = Release|Any CPU
		{C11B55B5-4861-4021-86A2-CE63098C564B}.Release|x64.ActiveCfg = Release|Any CPU
		{C11B55B5-4861-4021-86A2-CE63098C564B}.Release|x64.Build.0 = Release|Any CPU
		{C11B55B5-4861-4021-86A2-CE63098C564B}.Release|x86.ActiveCfg = Release|Any CPU
		{C11B55B5-4861-4021-86A2-CE63098C564B}.Release|x86.Build.0 = Release|Any CPU
		{85DEE01F-A8FC-448D-A085-C9A2072B28DA}.Debug|Any CPU.ActiveCfg = Debug|Any CPU
		{85DEE01F-A8FC-448D-A085-C9A2072B28DA}.Debug|Any CPU.Build.0 = Debug|Any CPU
		{85DEE01F-A8FC-448D-A085-C9A2072B28DA}.Debug|x64.ActiveCfg = Debug|Any CPU
		{85DEE01F-A8FC-448D-A085-C9A2072B28DA}.Debug|x64.Build.0 = Debug|Any CPU
		{85DEE01F-A8FC-448D-A085-C9A2072B28DA}.Debug|x86.ActiveCfg = Debug|Any CPU
		{85DEE01F-A8FC-448D-A085-C9A2072B28DA}.Debug|x86.Build.0 = Debug|Any CPU
		{85DEE01F-A8FC-448D-A085-C9A2072B28DA}.Release|Any CPU.ActiveCfg = Release|Any CPU
		{85DEE01F-A8FC-448D-A085-C9A2072B28DA}.Release|Any CPU.Build.0 = Release|Any CPU
		{85DEE01F-A8FC-448D-A085-C9A2072B28DA}.Release|x64.ActiveCfg = Release|Any CPU
		{85DEE01F-A8FC-448D-A085-C9A2072B28DA}.Release|x64.Build.0 = Release|Any CPU
		{85DEE01F-A8FC-448D-A085-C9A2072B28DA}.Release|x86.ActiveCfg = Release|Any CPU
		{85DEE01F-A8FC-448D-A085-C9A2072B28DA}.Release|x86.Build.0 = Release|Any CPU
		{F008AAAA-EA51-4699-AC1F-732F9BBBB82C}.Debug|Any CPU.ActiveCfg = Debug|Any CPU
		{F008AAAA-EA51-4699-AC1F-732F9BBBB82C}.Debug|Any CPU.Build.0 = Debug|Any CPU
		{F008AAAA-EA51-4699-AC1F-732F9BBBB82C}.Debug|x64.ActiveCfg = Debug|Any CPU
		{F008AAAA-EA51-4699-AC1F-732F9BBBB82C}.Debug|x64.Build.0 = Debug|Any CPU
		{F008AAAA-EA51-4699-AC1F-732F9BBBB82C}.Debug|x86.ActiveCfg = Debug|Any CPU
		{F008AAAA-EA51-4699-AC1F-732F9BBBB82C}.Debug|x86.Build.0 = Debug|Any CPU
		{F008AAAA-EA51-4699-AC1F-732F9BBBB82C}.Release|Any CPU.ActiveCfg = Release|Any CPU
		{F008AAAA-EA51-4699-AC1F-732F9BBBB82C}.Release|Any CPU.Build.0 = Release|Any CPU
		{F008AAAA-EA51-4699-AC1F-732F9BBBB82C}.Release|x64.ActiveCfg = Release|Any CPU
		{F008AAAA-EA51-4699-AC1F-732F9BBBB82C}.Release|x64.Build.0 = Release|Any CPU
		{F008AAAA-EA51-4699-AC1F-732F9BBBB82C}.Release|x86.ActiveCfg = Release|Any CPU
		{F008AAAA-EA51-4699-AC1F-732F9BBBB82C}.Release|x86.Build.0 = Release|Any CPU
		{7219A163-08D2-48A6-85E0-7B215FF626C2}.Debug|Any CPU.ActiveCfg = Debug|Any CPU
		{7219A163-08D2-48A6-85E0-7B215FF626C2}.Debug|Any CPU.Build.0 = Debug|Any CPU
		{7219A163-08D2-48A6-85E0-7B215FF626C2}.Debug|x64.ActiveCfg = Debug|Any CPU
		{7219A163-08D2-48A6-85E0-7B215FF626C2}.Debug|x64.Build.0 = Debug|Any CPU
		{7219A163-08D2-48A6-85E0-7B215FF626C2}.Debug|x86.ActiveCfg = Debug|Any CPU
		{7219A163-08D2-48A6-85E0-7B215FF626C2}.Debug|x86.Build.0 = Debug|Any CPU
		{7219A163-08D2-48A6-85E0-7B215FF626C2}.Release|Any CPU.ActiveCfg = Release|Any CPU
		{7219A163-08D2-48A6-85E0-7B215FF626C2}.Release|Any CPU.Build.0 = Release|Any CPU
		{7219A163-08D2-48A6-85E0-7B215FF626C2}.Release|x64.ActiveCfg = Release|Any CPU
		{7219A163-08D2-48A6-85E0-7B215FF626C2}.Release|x64.Build.0 = Release|Any CPU
		{7219A163-08D2-48A6-85E0-7B215FF626C2}.Release|x86.ActiveCfg = Release|Any CPU
		{7219A163-08D2-48A6-85E0-7B215FF626C2}.Release|x86.Build.0 = Release|Any CPU
		{C738FE44-A1A9-4F80-AD2F-D9FAFC843E50}.Debug|Any CPU.ActiveCfg = Debug|Any CPU
		{C738FE44-A1A9-4F80-AD2F-D9FAFC843E50}.Debug|Any CPU.Build.0 = Debug|Any CPU
		{C738FE44-A1A9-4F80-AD2F-D9FAFC843E50}.Debug|x64.ActiveCfg = Debug|Any CPU
		{C738FE44-A1A9-4F80-AD2F-D9FAFC843E50}.Debug|x64.Build.0 = Debug|Any CPU
		{C738FE44-A1A9-4F80-AD2F-D9FAFC843E50}.Debug|x86.ActiveCfg = Debug|Any CPU
		{C738FE44-A1A9-4F80-AD2F-D9FAFC843E50}.Debug|x86.Build.0 = Debug|Any CPU
		{C738FE44-A1A9-4F80-AD2F-D9FAFC843E50}.Release|Any CPU.ActiveCfg = Release|Any CPU
		{C738FE44-A1A9-4F80-AD2F-D9FAFC843E50}.Release|Any CPU.Build.0 = Release|Any CPU
		{C738FE44-A1A9-4F80-AD2F-D9FAFC843E50}.Release|x64.ActiveCfg = Release|Any CPU
		{C738FE44-A1A9-4F80-AD2F-D9FAFC843E50}.Release|x64.Build.0 = Release|Any CPU
		{C738FE44-A1A9-4F80-AD2F-D9FAFC843E50}.Release|x86.ActiveCfg = Release|Any CPU
		{C738FE44-A1A9-4F80-AD2F-D9FAFC843E50}.Release|x86.Build.0 = Release|Any CPU
		{75DD8EFD-84A8-47F0-BDE1-ADBFB9607E0A}.Debug|Any CPU.ActiveCfg = Debug|Any CPU
		{75DD8EFD-84A8-47F0-BDE1-ADBFB9607E0A}.Debug|Any CPU.Build.0 = Debug|Any CPU
		{75DD8EFD-84A8-47F0-BDE1-ADBFB9607E0A}.Debug|x64.ActiveCfg = Debug|Any CPU
		{75DD8EFD-84A8-47F0-BDE1-ADBFB9607E0A}.Debug|x64.Build.0 = Debug|Any CPU
		{75DD8EFD-84A8-47F0-BDE1-ADBFB9607E0A}.Debug|x86.ActiveCfg = Debug|Any CPU
		{75DD8EFD-84A8-47F0-BDE1-ADBFB9607E0A}.Debug|x86.Build.0 = Debug|Any CPU
		{75DD8EFD-84A8-47F0-BDE1-ADBFB9607E0A}.Release|Any CPU.ActiveCfg = Release|Any CPU
		{75DD8EFD-84A8-47F0-BDE1-ADBFB9607E0A}.Release|Any CPU.Build.0 = Release|Any CPU
		{75DD8EFD-84A8-47F0-BDE1-ADBFB9607E0A}.Release|x64.ActiveCfg = Release|Any CPU
		{75DD8EFD-84A8-47F0-BDE1-ADBFB9607E0A}.Release|x64.Build.0 = Release|Any CPU
		{75DD8EFD-84A8-47F0-BDE1-ADBFB9607E0A}.Release|x86.ActiveCfg = Release|Any CPU
		{75DD8EFD-84A8-47F0-BDE1-ADBFB9607E0A}.Release|x86.Build.0 = Release|Any CPU
	EndGlobalSection
	GlobalSection(NestedProjects) = preSolution
		{25922B81-2333-440A-A8B4-B07F5B4C8517} = {32D3B36F-C147-4138-946B-5705419F08BE}
		{0AC8D394-D9DA-4C18-AD98-DDF7DA05573C} = {32D3B36F-C147-4138-946B-5705419F08BE}
		{0186C444-9A0F-40BE-A964-7941FD4BB493} = {32D3B36F-C147-4138-946B-5705419F08BE}
		{BA2D0460-94A4-4AC8-8522-9DF89B7D2441} = {32D3B36F-C147-4138-946B-5705419F08BE}
		{AF59FA39-FBED-4FE9-A264-4727442F189D} = {32D3B36F-C147-4138-946B-5705419F08BE}
		{7415DCC0-C6FD-4DAE-8088-97B44207269D} = {32D3B36F-C147-4138-946B-5705419F08BE}
		{C11B55B5-4861-4021-86A2-CE63098C564B} = {70948BE0-47B9-4E39-9C29-1263CFBFB5C9}
		{85DEE01F-A8FC-448D-A085-C9A2072B28DA} = {70948BE0-47B9-4E39-9C29-1263CFBFB5C9}
		{F008AAAA-EA51-4699-AC1F-732F9BBBB82C} = {70948BE0-47B9-4E39-9C29-1263CFBFB5C9}
		{7219A163-08D2-48A6-85E0-7B215FF626C2} = {70948BE0-47B9-4E39-9C29-1263CFBFB5C9}
		{C738FE44-A1A9-4F80-AD2F-D9FAFC843E50} = {70948BE0-47B9-4E39-9C29-1263CFBFB5C9}
		{75DD8EFD-84A8-47F0-BDE1-ADBFB9607E0A} = {70948BE0-47B9-4E39-9C29-1263CFBFB5C9}
	EndGlobalSection
EndGlobal
